// !$*UTF8*$!
{
	archiveVersion = 1;
	classes = {
	};
	objectVersion = 46;
	objects = {

/* Begin PBXBuildFile section */
		2C6F83D01E28930B008C520E /* CHContentViewController.swift in Sources */ = {isa = PBXBuildFile; fileRef = 2C6F83C71E28930B008C520E /* CHContentViewController.swift */; };
		2C6F83D11E28930B008C520E /* CHControls.swift in Sources */ = {isa = PBXBuildFile; fileRef = 2C6F83C81E28930B008C520E /* CHControls.swift */; };
		2C6F83D21E28930B008C520E /* CHModalViewController.swift in Sources */ = {isa = PBXBuildFile; fileRef = 2C6F83C91E28930B008C520E /* CHModalViewController.swift */; };
		2C6F83D31E28930B008C520E /* CHPagingScrollViewController.swift in Sources */ = {isa = PBXBuildFile; fileRef = 2C6F83CA1E28930B008C520E /* CHPagingScrollViewController.swift */; };
		2C6F83D41E28930B008C520E /* CHPickerViewController.swift in Sources */ = {isa = PBXBuildFile; fileRef = 2C6F83CB1E28930B008C520E /* CHPickerViewController.swift */; };
		2C6F83D51E28930B008C520E /* DrawingCanvasView.swift in Sources */ = {isa = PBXBuildFile; fileRef = 2C6F83CC1E28930B008C520E /* DrawingCanvasView.swift */; };
		2C6F83D61E28930B008C520E /* FIlters.swift in Sources */ = {isa = PBXBuildFile; fileRef = 2C6F83CD1E28930B008C520E /* FIlters.swift */; };
		2C6F83D71E28930B008C520E /* NavigationControllers.swift in Sources */ = {isa = PBXBuildFile; fileRef = 2C6F83CE1E28930B008C520E /* NavigationControllers.swift */; };
		2C6F83D81E28930B008C520E /* RecordButton.swift in Sources */ = {isa = PBXBuildFile; fileRef = 2C6F83CF1E28930B008C520E /* RecordButton.swift */; };
		CD25DF4F1E1E0DF100ADB60C /* AppDelegate.swift in Sources */ = {isa = PBXBuildFile; fileRef = CD25DF4E1E1E0DF100ADB60C /* AppDelegate.swift */; };
		CD25DF511E1E0DF100ADB60C /* ViewController.swift in Sources */ = {isa = PBXBuildFile; fileRef = CD25DF501E1E0DF100ADB60C /* ViewController.swift */; };
		CD25DF541E1E0DF100ADB60C /* Main.storyboard in Resources */ = {isa = PBXBuildFile; fileRef = CD25DF521E1E0DF100ADB60C /* Main.storyboard */; };
		CD25DF561E1E0DF100ADB60C /* Assets.xcassets in Resources */ = {isa = PBXBuildFile; fileRef = CD25DF551E1E0DF100ADB60C /* Assets.xcassets */; };
		CD25DF591E1E0DF100ADB60C /* LaunchScreen.storyboard in Resources */ = {isa = PBXBuildFile; fileRef = CD25DF571E1E0DF100ADB60C /* LaunchScreen.storyboard */; };
		CDF1E31B1E1E396900E09AC1 /* UIViewController+Navigation.swift in Sources */ = {isa = PBXBuildFile; fileRef = CDF1E31A1E1E396900E09AC1 /* UIViewController+Navigation.swift */; };
/* End PBXBuildFile section */

/* Begin PBXFileReference section */
		2C6F83C71E28930B008C520E /* CHContentViewController.swift */ = {isa = PBXFileReference; fileEncoding = 4; lastKnownFileType = sourcecode.swift; path = CHContentViewController.swift; sourceTree = "<group>"; };
		2C6F83C81E28930B008C520E /* CHControls.swift */ = {isa = PBXFileReference; fileEncoding = 4; lastKnownFileType = sourcecode.swift; path = CHControls.swift; sourceTree = "<group>"; };
		2C6F83C91E28930B008C520E /* CHModalViewController.swift */ = {isa = PBXFileReference; fileEncoding = 4; lastKnownFileType = sourcecode.swift; path = CHModalViewController.swift; sourceTree = "<group>"; };
		2C6F83CA1E28930B008C520E /* CHPagingScrollViewController.swift */ = {isa = PBXFileReference; fileEncoding = 4; lastKnownFileType = sourcecode.swift; path = CHPagingScrollViewController.swift; sourceTree = "<group>"; };
		2C6F83CB1E28930B008C520E /* CHPickerViewController.swift */ = {isa = PBXFileReference; fileEncoding = 4; lastKnownFileType = sourcecode.swift; path = CHPickerViewController.swift; sourceTree = "<group>"; };
		2C6F83CC1E28930B008C520E /* DrawingCanvasView.swift */ = {isa = PBXFileReference; fileEncoding = 4; lastKnownFileType = sourcecode.swift; path = DrawingCanvasView.swift; sourceTree = "<group>"; };
		2C6F83CD1E28930B008C520E /* FIlters.swift */ = {isa = PBXFileReference; fileEncoding = 4; lastKnownFileType = sourcecode.swift; path = FIlters.swift; sourceTree = "<group>"; };
		2C6F83CE1E28930B008C520E /* NavigationControllers.swift */ = {isa = PBXFileReference; fileEncoding = 4; lastKnownFileType = sourcecode.swift; path = NavigationControllers.swift; sourceTree = "<group>"; };
		2C6F83CF1E28930B008C520E /* RecordButton.swift */ = {isa = PBXFileReference; fileEncoding = 4; lastKnownFileType = sourcecode.swift; path = RecordButton.swift; sourceTree = "<group>"; };
		CD25DF4B1E1E0DF100ADB60C /* Ot-jjang.app */ = {isa = PBXFileReference; explicitFileType = wrapper.application; includeInIndex = 0; path = "Ot-jjang.app"; sourceTree = BUILT_PRODUCTS_DIR; };
		CD25DF4E1E1E0DF100ADB60C /* AppDelegate.swift */ = {isa = PBXFileReference; lastKnownFileType = sourcecode.swift; path = AppDelegate.swift; sourceTree = "<group>"; };
		CD25DF501E1E0DF100ADB60C /* ViewController.swift */ = {isa = PBXFileReference; lastKnownFileType = sourcecode.swift; path = ViewController.swift; sourceTree = "<group>"; };
		CD25DF531E1E0DF100ADB60C /* Base */ = {isa = PBXFileReference; lastKnownFileType = file.storyboard; name = Base; path = Base.lproj/Main.storyboard; sourceTree = "<group>"; };
		CD25DF551E1E0DF100ADB60C /* Assets.xcassets */ = {isa = PBXFileReference; lastKnownFileType = folder.assetcatalog; path = Assets.xcassets; sourceTree = "<group>"; };
		CD25DF581E1E0DF100ADB60C /* Base */ = {isa = PBXFileReference; lastKnownFileType = file.storyboard; name = Base; path = Base.lproj/LaunchScreen.storyboard; sourceTree = "<group>"; };
		CD25DF5A1E1E0DF100ADB60C /* Info.plist */ = {isa = PBXFileReference; lastKnownFileType = text.plist.xml; path = Info.plist; sourceTree = "<group>"; };
		CDF1E31A1E1E396900E09AC1 /* UIViewController+Navigation.swift */ = {isa = PBXFileReference; fileEncoding = 4; lastKnownFileType = sourcecode.swift; path = "UIViewController+Navigation.swift"; sourceTree = "<group>"; };
/* End PBXFileReference section */

/* Begin PBXFrameworksBuildPhase section */
		CD25DF481E1E0DF100ADB60C /* Frameworks */ = {
			isa = PBXFrameworksBuildPhase;
			buildActionMask = 2147483647;
			files = (
			);
			runOnlyForDeploymentPostprocessing = 0;
		};
/* End PBXFrameworksBuildPhase section */

/* Begin PBXGroup section */
		CD25DF421E1E0DF100ADB60C = {
			isa = PBXGroup;
			children = (
				CD25DF4D1E1E0DF100ADB60C /* Ot-jjang */,
				CD25DF4C1E1E0DF100ADB60C /* Products */,
			);
			sourceTree = "<group>";
		};
		CD25DF4C1E1E0DF100ADB60C /* Products */ = {
			isa = PBXGroup;
			children = (
				CD25DF4B1E1E0DF100ADB60C /* Ot-jjang.app */,
			);
			name = Products;
			sourceTree = "<group>";
		};
		CD25DF4D1E1E0DF100ADB60C /* Ot-jjang */ = {
			isa = PBXGroup;
			children = (
				CD25DF4E1E1E0DF100ADB60C /* AppDelegate.swift */,
				CD25DF501E1E0DF100ADB60C /* ViewController.swift */,
				CD25DF521E1E0DF100ADB60C /* Main.storyboard */,
				CD25DF551E1E0DF100ADB60C /* Assets.xcassets */,
				CD25DF571E1E0DF100ADB60C /* LaunchScreen.storyboard */,
				CD25DF5A1E1E0DF100ADB60C /* Info.plist */,
				CDF1E31A1E1E396900E09AC1 /* UIViewController+Navigation.swift */,
				2C6F83C71E28930B008C520E /* CHContentViewController.swift */,
				2C6F83C81E28930B008C520E /* CHControls.swift */,
				2C6F83C91E28930B008C520E /* CHModalViewController.swift */,
				2C6F83CA1E28930B008C520E /* CHPagingScrollViewController.swift */,
				2C6F83CB1E28930B008C520E /* CHPickerViewController.swift */,
				2C6F83CC1E28930B008C520E /* DrawingCanvasView.swift */,
				2C6F83CD1E28930B008C520E /* FIlters.swift */,
				2C6F83CE1E28930B008C520E /* NavigationControllers.swift */,
				2C6F83CF1E28930B008C520E /* RecordButton.swift */,
			);
			path = "Ot-jjang";
			sourceTree = "<group>";
		};
/* End PBXGroup section */

/* Begin PBXNativeTarget section */
		CD25DF4A1E1E0DF100ADB60C /* Ot-jjang */ = {
			isa = PBXNativeTarget;
			buildConfigurationList = CD25DF5D1E1E0DF100ADB60C /* Build configuration list for PBXNativeTarget "Ot-jjang" */;
			buildPhases = (
				CD25DF471E1E0DF100ADB60C /* Sources */,
				CD25DF481E1E0DF100ADB60C /* Frameworks */,
				CD25DF491E1E0DF100ADB60C /* Resources */,
			);
			buildRules = (
			);
			dependencies = (
			);
			name = "Ot-jjang";
			productName = "Ot-jjang";
			productReference = CD25DF4B1E1E0DF100ADB60C /* Ot-jjang.app */;
			productType = "com.apple.product-type.application";
		};
/* End PBXNativeTarget section */

/* Begin PBXProject section */
		CD25DF431E1E0DF100ADB60C /* Project object */ = {
			isa = PBXProject;
			attributes = {
				LastSwiftUpdateCheck = 0820;
				LastUpgradeCheck = 0820;
				ORGANIZATIONNAME = Rebeca;
				TargetAttributes = {
					CD25DF4A1E1E0DF100ADB60C = {
						CreatedOnToolsVersion = 8.2.1;
						ProvisioningStyle = Automatic;
					};
				};
			};
			buildConfigurationList = CD25DF461E1E0DF100ADB60C /* Build configuration list for PBXProject "Ot-jjang" */;
			compatibilityVersion = "Xcode 3.2";
			developmentRegion = English;
			hasScannedForEncodings = 0;
			knownRegions = (
				en,
				Base,
			);
			mainGroup = CD25DF421E1E0DF100ADB60C;
			productRefGroup = CD25DF4C1E1E0DF100ADB60C /* Products */;
			projectDirPath = "";
			projectRoot = "";
			targets = (
				CD25DF4A1E1E0DF100ADB60C /* Ot-jjang */,
			);
		};
/* End PBXProject section */

/* Begin PBXResourcesBuildPhase section */
		CD25DF491E1E0DF100ADB60C /* Resources */ = {
			isa = PBXResourcesBuildPhase;
			buildActionMask = 2147483647;
			files = (
				CD25DF591E1E0DF100ADB60C /* LaunchScreen.storyboard in Resources */,
				CD25DF561E1E0DF100ADB60C /* Assets.xcassets in Resources */,
				CD25DF541E1E0DF100ADB60C /* Main.storyboard in Resources */,
			);
			runOnlyForDeploymentPostprocessing = 0;
		};
/* End PBXResourcesBuildPhase section */

/* Begin PBXSourcesBuildPhase section */
		CD25DF471E1E0DF100ADB60C /* Sources */ = {
			isa = PBXSourcesBuildPhase;
			buildActionMask = 2147483647;
			files = (
				2C6F83D31E28930B008C520E /* CHPagingScrollViewController.swift in Sources */,
				CDF1E31B1E1E396900E09AC1 /* UIViewController+Navigation.swift in Sources */,
				2C6F83D01E28930B008C520E /* CHContentViewController.swift in Sources */,
				2C6F83D71E28930B008C520E /* NavigationControllers.swift in Sources */,
				2C6F83D11E28930B008C520E /* CHControls.swift in Sources */,
				CD25DF511E1E0DF100ADB60C /* ViewController.swift in Sources */,
				2C6F83D51E28930B008C520E /* DrawingCanvasView.swift in Sources */,
				CD25DF4F1E1E0DF100ADB60C /* AppDelegate.swift in Sources */,
				2C6F83D81E28930B008C520E /* RecordButton.swift in Sources */,
				2C6F83D61E28930B008C520E /* FIlters.swift in Sources */,
				2C6F83D21E28930B008C520E /* CHModalViewController.swift in Sources */,
				2C6F83D41E28930B008C520E /* CHPickerViewController.swift in Sources */,
			);
			runOnlyForDeploymentPostprocessing = 0;
		};
/* End PBXSourcesBuildPhase section */

/* Begin PBXVariantGroup section */
		CD25DF521E1E0DF100ADB60C /* Main.storyboard */ = {
			isa = PBXVariantGroup;
			children = (
				CD25DF531E1E0DF100ADB60C /* Base */,
			);
			name = Main.storyboard;
			sourceTree = "<group>";
		};
		CD25DF571E1E0DF100ADB60C /* LaunchScreen.storyboard */ = {
			isa = PBXVariantGroup;
			children = (
				CD25DF581E1E0DF100ADB60C /* Base */,
			);
			name = LaunchScreen.storyboard;
			sourceTree = "<group>";
		};
/* End PBXVariantGroup section */

/* Begin XCBuildConfiguration section */
		CD25DF5B1E1E0DF100ADB60C /* Debug */ = {
			isa = XCBuildConfiguration;
			buildSettings = {
				ALWAYS_SEARCH_USER_PATHS = NO;
				CLANG_ANALYZER_NONNULL = YES;
				CLANG_CXX_LANGUAGE_STANDARD = "gnu++0x";
				CLANG_CXX_LIBRARY = "libc++";
				CLANG_ENABLE_MODULES = YES;
				CLANG_ENABLE_OBJC_ARC = YES;
				CLANG_WARN_BOOL_CONVERSION = YES;
				CLANG_WARN_CONSTANT_CONVERSION = YES;
				CLANG_WARN_DIRECT_OBJC_ISA_USAGE = YES_ERROR;
				CLANG_WARN_DOCUMENTATION_COMMENTS = YES;
				CLANG_WARN_EMPTY_BODY = YES;
				CLANG_WARN_ENUM_CONVERSION = YES;
				CLANG_WARN_INFINITE_RECURSION = YES;
				CLANG_WARN_INT_CONVERSION = YES;
				CLANG_WARN_OBJC_ROOT_CLASS = YES_ERROR;
				CLANG_WARN_SUSPICIOUS_MOVE = YES;
				CLANG_WARN_UNREACHABLE_CODE = YES;
				CLANG_WARN__DUPLICATE_METHOD_MATCH = YES;
				"CODE_SIGN_IDENTITY[sdk=iphoneos*]" = "iPhone Developer";
				COPY_PHASE_STRIP = NO;
				DEBUG_INFORMATION_FORMAT = dwarf;
				ENABLE_STRICT_OBJC_MSGSEND = YES;
				ENABLE_TESTABILITY = YES;
				GCC_C_LANGUAGE_STANDARD = gnu99;
				GCC_DYNAMIC_NO_PIC = NO;
				GCC_NO_COMMON_BLOCKS = YES;
				GCC_OPTIMIZATION_LEVEL = 0;
				GCC_PREPROCESSOR_DEFINITIONS = (
					"DEBUG=1",
					"$(inherited)",
				);
				GCC_WARN_64_TO_32_BIT_CONVERSION = YES;
				GCC_WARN_ABOUT_RETURN_TYPE = YES_ERROR;
				GCC_WARN_UNDECLARED_SELECTOR = YES;
				GCC_WARN_UNINITIALIZED_AUTOS = YES_AGGRESSIVE;
				GCC_WARN_UNUSED_FUNCTION = YES;
				GCC_WARN_UNUSED_VARIABLE = YES;
				IPHONEOS_DEPLOYMENT_TARGET = 10.2;
				MTL_ENABLE_DEBUG_INFO = YES;
				ONLY_ACTIVE_ARCH = YES;
				SDKROOT = iphoneos;
				SWIFT_ACTIVE_COMPILATION_CONDITIONS = DEBUG;
				SWIFT_OPTIMIZATION_LEVEL = "-Onone";
				TARGETED_DEVICE_FAMILY = "1,2";
			};
			name = Debug;
		};
		CD25DF5C1E1E0DF100ADB60C /* Release */ = {
			isa = XCBuildConfiguration;
			buildSettings = {
				ALWAYS_SEARCH_USER_PATHS = NO;
				CLANG_ANALYZER_NONNULL = YES;
				CLANG_CXX_LANGUAGE_STANDARD = "gnu++0x";
				CLANG_CXX_LIBRARY = "libc++";
				CLANG_ENABLE_MODULES = YES;
				CLANG_ENABLE_OBJC_ARC = YES;
				CLANG_WARN_BOOL_CONVERSION = YES;
				CLANG_WARN_CONSTANT_CONVERSION = YES;
				CLANG_WARN_DIRECT_OBJC_ISA_USAGE = YES_ERROR;
				CLANG_WARN_DOCUMENTATION_COMMENTS = YES;
				CLANG_WARN_EMPTY_BODY = YES;
				CLANG_WARN_ENUM_CONVERSION = YES;
				CLANG_WARN_INFINITE_RECURSION = YES;
				CLANG_WARN_INT_CONVERSION = YES;
				CLANG_WARN_OBJC_ROOT_CLASS = YES_ERROR;
				CLANG_WARN_SUSPICIOUS_MOVE = YES;
				CLANG_WARN_UNREACHABLE_CODE = YES;
				CLANG_WARN__DUPLICATE_METHOD_MATCH = YES;
				"CODE_SIGN_IDENTITY[sdk=iphoneos*]" = "iPhone Developer";
				COPY_PHASE_STRIP = NO;
				DEBUG_INFORMATION_FORMAT = "dwarf-with-dsym";
				ENABLE_NS_ASSERTIONS = NO;
				ENABLE_STRICT_OBJC_MSGSEND = YES;
				GCC_C_LANGUAGE_STANDARD = gnu99;
				GCC_NO_COMMON_BLOCKS = YES;
				GCC_WARN_64_TO_32_BIT_CONVERSION = YES;
				GCC_WARN_ABOUT_RETURN_TYPE = YES_ERROR;
				GCC_WARN_UNDECLARED_SELECTOR = YES;
				GCC_WARN_UNINITIALIZED_AUTOS = YES_AGGRESSIVE;
				GCC_WARN_UNUSED_FUNCTION = YES;
				GCC_WARN_UNUSED_VARIABLE = YES;
				IPHONEOS_DEPLOYMENT_TARGET = 10.2;
				MTL_ENABLE_DEBUG_INFO = NO;
				SDKROOT = iphoneos;
				SWIFT_OPTIMIZATION_LEVEL = "-Owholemodule";
				TARGETED_DEVICE_FAMILY = "1,2";
				VALIDATE_PRODUCT = YES;
			};
			name = Release;
		};
		CD25DF5E1E1E0DF100ADB60C /* Debug */ = {
			isa = XCBuildConfiguration;
			buildSettings = {
				ASSETCATALOG_COMPILER_APPICON_NAME = AppIcon;
				INFOPLIST_FILE = "Ot-jjang/Info.plist";
				LD_RUNPATH_SEARCH_PATHS = "$(inherited) @executable_path/Frameworks";
				PRODUCT_BUNDLE_IDENTIFIER = "com.rebeca.Ot-jjang";
				PRODUCT_NAME = "$(TARGET_NAME)";
				SWIFT_VERSION = 3.0;
			};
			name = Debug;
		};
		CD25DF5F1E1E0DF100ADB60C /* Release */ = {
			isa = XCBuildConfiguration;
			buildSettings = {
				ASSETCATALOG_COMPILER_APPICON_NAME = AppIcon;
				INFOPLIST_FILE = "Ot-jjang/Info.plist";
				LD_RUNPATH_SEARCH_PATHS = "$(inherited) @executable_path/Frameworks";
				PRODUCT_BUNDLE_IDENTIFIER = "com.rebeca.Ot-jjang";
				PRODUCT_NAME = "$(TARGET_NAME)";
				SWIFT_VERSION = 3.0;
			};
			name = Release;
		};
/* End XCBuildConfiguration section */

/* Begin XCConfigurationList section */
		CD25DF461E1E0DF100ADB60C /* Build configuration list for PBXProject "Ot-jjang" */ = {
			isa = XCConfigurationList;
			buildConfigurations = (
				CD25DF5B1E1E0DF100ADB60C /* Debug */,
				CD25DF5C1E1E0DF100ADB60C /* Release */,
			);
			defaultConfigurationIsVisible = 0;
			defaultConfigurationName = Release;
		};
		CD25DF5D1E1E0DF100ADB60C /* Build configuration list for PBXNativeTarget "Ot-jjang" */ = {
			isa = XCConfigurationList;
			buildConfigurations = (
				CD25DF5E1E1E0DF100ADB60C /* Debug */,
				CD25DF5F1E1E0DF100ADB60C /* Release */,
			);
			defaultConfigurationIsVisible = 0;
			defaultConfigurationName = Release;
		};
/* End XCConfigurationList section */
	};
	rootObject = CD25DF431E1E0DF100ADB60C /* Project object */;
}
